
Microsoft Visual Studio Solution File, Format Version 12.00
# Visual Studio Version 16
VisualStudioVersion = 16.0.31005.135
MinimumVisualStudioVersion = 10.0.40219.1
Project("{FAE04EC0-301F-11D3-BF4B-00C04F79EFBC}") = "RA_Killer_V1", "RA_Killer_V1.csproj", "{F528105A-F647-4ADD-8D4A-D75C7B328934}"
EndProject
Global
	GlobalSection(SolutionConfigurationPlatforms) = preSolution
		Debug|Any CPU = Debug|Any CPU
		Release|Any CPU = Release|Any CPU
	EndGlobalSection
	GlobalSection(ProjectConfigurationPlatforms) = postSolution
		{F528105A-F647-4ADD-8D4A-D75C7B328934}.Debug|Any CPU.ActiveCfg = Debug|Any CPU
		{F528105A-F647-4ADD-8D4A-D75C7B328934}.Debug|Any CPU.Build.0 = Debug|Any CPU
		{F528105A-F647-4ADD-8D4A-D75C7B328934}.Release|Any CPU.ActiveCfg = Release|Any CPU
		{F528105A-F647-4ADD-8D4A-D75C7B328934}.Release|Any CPU.Build.0 = Release|Any CPU
	EndGlobalSection
	GlobalSection(SolutionProperties) = preSolution
		HideSolutionNode = FALSE
	EndGlobalSection
	GlobalSection(ExtensibilityGlobals) = postSolution
		SolutionGuid = {BB43F52D-1FC1-4AED-9AC6-0756D2317C98}
	EndGlobalSection
EndGlobal
